
Microsoft Visual Studio Solution File, Format Version 12.00
# Visual Studio Version 17
VisualStudioVersion = 17.0.31903.59
MinimumVisualStudioVersion = 10.0.40219.1
Project("{FAE04EC0-301F-11D3-BF4B-00C04F79EFBC}") = "LogAnalyzerApp", "LogAnalyzerApp\LogAnalyzerApp.csproj", "{718060FD-1E0F-4BF1-9AF1-6F2646C9F960}"
EndProject
Project("{FAE04EC0-301F-11D3-BF4B-00C04F79EFBC}") = "LoggingLibrary", "..\LoggingLibrary\LoggingLibrary.csproj", "{CC9C7CC7-4945-46BB-A8D3-5500C7DA5981}"
EndProject
Project("{FAE04EC0-301F-11D3-BF4B-00C04F79EFBC}") = "LogAnalyzerApp.Test", "LogAnalyzerApp.Test\LogAnalyzerApp.Test.csproj", "{38BBE24D-CD2A-48FE-97F8-AAFB81D646E3}"
EndProject
Global
	GlobalSection(SolutionConfigurationPlatforms) = preSolution
		Debug|Any CPU = Debug|Any CPU
		Release|Any CPU = Release|Any CPU
	EndGlobalSection
	GlobalSection(SolutionProperties) = preSolution
		HideSolutionNode = FALSE
	EndGlobalSection
	GlobalSection(ProjectConfigurationPlatforms) = postSolution
		{718060FD-1E0F-4BF1-9AF1-6F2646C9F960}.Debug|Any CPU.ActiveCfg = Debug|Any CPU
		{718060FD-1E0F-4BF1-9AF1-6F2646C9F960}.Debug|Any CPU.Build.0 = Debug|Any CPU
		{718060FD-1E0F-4BF1-9AF1-6F2646C9F960}.Release|Any CPU.ActiveCfg = Release|Any CPU
		{718060FD-1E0F-4BF1-9AF1-6F2646C9F960}.Release|Any CPU.Build.0 = Release|Any CPU
		{CC9C7CC7-4945-46BB-A8D3-5500C7DA5981}.Debug|Any CPU.ActiveCfg = Debug|Any CPU
		{CC9C7CC7-4945-46BB-A8D3-5500C7DA5981}.Debug|Any CPU.Build.0 = Debug|Any CPU
		{CC9C7CC7-4945-46BB-A8D3-5500C7DA5981}.Release|Any CPU.ActiveCfg = Release|Any CPU
		{CC9C7CC7-4945-46BB-A8D3-5500C7DA5981}.Release|Any CPU.Build.0 = Release|Any CPU
		{38BBE24D-CD2A-48FE-97F8-AAFB81D646E3}.Debug|Any CPU.ActiveCfg = Debug|Any CPU
		{38BBE24D-CD2A-48FE-97F8-AAFB81D646E3}.Debug|Any CPU.Build.0 = Debug|Any CPU
		{38BBE24D-CD2A-48FE-97F8-AAFB81D646E3}.Release|Any CPU.ActiveCfg = Release|Any CPU
		{38BBE24D-CD2A-48FE-97F8-AAFB81D646E3}.Release|Any CPU.Build.0 = Release|Any CPU
	EndGlobalSection
EndGlobal
